
Microsoft Visual Studio Solution File, Format Version 12.00
# Visual Studio Version 17
VisualStudioVersion = 17.0.31903.59
MinimumVisualStudioVersion = 10.0.40219.1
Project("{2150E333-8FDC-42A3-9474-1A3956D46DE8}") = "src", "src", "{827E0CD3-B72D-47B6-A68D-7590B98EB39B}"
EndProject
Project("{FAE04EC0-301F-11D3-BF4B-00C04F79EFBC}") = "FarmApp.Domain", "src\FarmApp.Domain\FarmApp.Domain.csproj", "{9B4382EC-50E4-487B-820A-98F70B10DDE5}"
EndProject
Project("{FAE04EC0-301F-11D3-BF4B-00C04F79EFBC}") = "FarmApp.Infrastructure", "src\FarmApp.Infrastructure\FarmApp.Infrastructure.csproj", "{0593264E-293E-460F-B92A-FD41911B4682}"
EndProject
Project("{FAE04EC0-301F-11D3-BF4B-00C04F79EFBC}") = "FarmApp.Api", "src\FarmApp.Api\FarmApp.Api.csproj", "{A223ECD3-4F84-4E45-B2A0-80D43F242581}"
EndProject
Project("{2150E333-8FDC-42A3-9474-1A3956D46DE8}") = "tests", "tests", "{0AB3BF05-4346-4AA6-1389-037BE0695223}"
EndProject
Project("{FAE04EC0-301F-11D3-BF4B-00C04F79EFBC}") = "FarmApp.Domain.Tests", "tests\FarmApp.Domain.Tests\FarmApp.Domain.Tests.csproj", "{6F3D54E8-82CC-4EE8-9B45-AC2002A67DEB}"
EndProject
Global
	GlobalSection(SolutionConfigurationPlatforms) = preSolution
		Debug|Any CPU = Debug|Any CPU
		Debug|x64 = Debug|x64
		Debug|x86 = Debug|x86
		Release|Any CPU = Release|Any CPU
		Release|x64 = Release|x64
		Release|x86 = Release|x86
	EndGlobalSection
	GlobalSection(ProjectConfigurationPlatforms) = postSolution
		{9B4382EC-50E4-487B-820A-98F70B10DDE5}.Debug|Any CPU.ActiveCfg = Debug|Any CPU
		{9B4382EC-50E4-487B-820A-98F70B10DDE5}.Debug|Any CPU.Build.0 = Debug|Any CPU
		{9B4382EC-50E4-487B-820A-98F70B10DDE5}.Debug|x64.ActiveCfg = Debug|Any CPU
		{9B4382EC-50E4-487B-820A-98F70B10DDE5}.Debug|x64.Build.0 = Debug|Any CPU
		{9B4382EC-50E4-487B-820A-98F70B10DDE5}.Debug|x86.ActiveCfg = Debug|Any CPU
		{9B4382EC-50E4-487B-820A-98F70B10DDE5}.Debug|x86.Build.0 = Debug|Any CPU
		{9B4382EC-50E4-487B-820A-98F70B10DDE5}.Release|Any CPU.ActiveCfg = Release|Any CPU
		{9B4382EC-50E4-487B-820A-98F70B10DDE5}.Release|Any CPU.Build.0 = Release|Any CPU
		{9B4382EC-50E4-487B-820A-98F70B10DDE5}.Release|x64.ActiveCfg = Release|Any CPU
		{9B4382EC-50E4-487B-820A-98F70B10DDE5}.Release|x64.Build.0 = Release|Any CPU
		{9B4382EC-50E4-487B-820A-98F70B10DDE5}.Release|x86.ActiveCfg = Release|Any CPU
		{9B4382EC-50E4-487B-820A-98F70B10DDE5}.Release|x86.Build.0 = Release|Any CPU
		{0593264E-293E-460F-B92A-FD41911B4682}.Debug|Any CPU.ActiveCfg = Debug|Any CPU
		{0593264E-293E-460F-B92A-FD41911B4682}.Debug|Any CPU.Build.0 = Debug|Any CPU
		{0593264E-293E-460F-B92A-FD41911B4682}.Debug|x64.ActiveCfg = Debug|Any CPU
		{0593264E-293E-460F-B92A-FD41911B4682}.Debug|x64.Build.0 = Debug|Any CPU
		{0593264E-293E-460F-B92A-FD41911B4682}.Debug|x86.ActiveCfg = Debug|Any CPU
		{0593264E-293E-460F-B92A-FD41911B4682}.Debug|x86.Build.0 = Debug|Any CPU
		{0593264E-293E-460F-B92A-FD41911B4682}.Release|Any CPU.ActiveCfg = Release|Any CPU
		{0593264E-293E-460F-B92A-FD41911B4682}.Release|Any CPU.Build.0 = Release|Any CPU
		{0593264E-293E-460F-B92A-FD41911B4682}.Release|x64.ActiveCfg = Release|Any CPU
		{0593264E-293E-460F-B92A-FD41911B4682}.Release|x64.Build.0 = Release|Any CPU
		{0593264E-293E-460F-B92A-FD41911B4682}.Release|x86.ActiveCfg = Release|Any CPU
		{0593264E-293E-460F-B92A-FD41911B4682}.Release|x86.Build.0 = Release|Any CPU
		{A223ECD3-4F84-4E45-B2A0-80D43F242581}.Debug|Any CPU.ActiveCfg = Debug|Any CPU
		{A223ECD3-4F84-4E45-B2A0-80D43F242581}.Debug|Any CPU.Build.0 = Debug|Any CPU
		{A223ECD3-4F84-4E45-B2A0-80D43F242581}.Debug|x64.ActiveCfg = Debug|Any CPU
		{A223ECD3-4F84-4E45-B2A0-80D43F242581}.Debug|x64.Build.0 = Debug|Any CPU
		{A223ECD3-4F84-4E45-B2A0-80D43F242581}.Debug|x86.ActiveCfg = Debug|Any CPU
		{A223ECD3-4F84-4E45-B2A0-80D43F242581}.Debug|x86.Build.0 = Debug|Any CPU
		{A223ECD3-4F84-4E45-B2A0-80D43F242581}.Release|Any CPU.ActiveCfg = Release|Any CPU
		{A223ECD3-4F84-4E45-B2A0-80D43F242581}.Release|Any CPU.Build.0 = Release|Any CPU
		{A223ECD3-4F84-4E45-B2A0-80D43F242581}.Release|x64.ActiveCfg = Release|Any CPU
		{A223ECD3-4F84-4E45-B2A0-80D43F242581}.Release|x64.Build.0 = Release|Any CPU
		{A223ECD3-4F84-4E45-B2A0-80D43F242581}.Release|x86.ActiveCfg = Release|Any CPU
		{A223ECD3-4F84-4E45-B2A0-80D43F242581}.Release|x86.Build.0 = Release|Any CPU
		{6F3D54E8-82CC-4EE8-9B45-AC2002A67DEB}.Debug|Any CPU.ActiveCfg = Debug|Any CPU
		{6F3D54E8-82CC-4EE8-9B45-AC2002A67DEB}.Debug|Any CPU.Build.0 = Debug|Any CPU
		{6F3D54E8-82CC-4EE8-9B45-AC2002A67DEB}.Debug|x64.ActiveCfg = Debug|Any CPU
		{6F3D54E8-82CC-4EE8-9B45-AC2002A67DEB}.Debug|x64.Build.0 = Debug|Any CPU
		{6F3D54E8-82CC-4EE8-9B45-AC2002A67DEB}.Debug|x86.ActiveCfg = Debug|Any CPU
		{6F3D54E8-82CC-4EE8-9B45-AC2002A67DEB}.Debug|x86.Build.0 = Debug|Any CPU
		{6F3D54E8-82CC-4EE8-9B45-AC2002A67DEB}.Release|Any CPU.ActiveCfg = Release|Any CPU
		{6F3D54E8-82CC-4EE8-9B45-AC2002A67DEB}.Release|Any CPU.Build.0 = Release|Any CPU
		{6F3D54E8-82CC-4EE8-9B45-AC2002A67DEB}.Release|x64.ActiveCfg = Release|Any CPU
		{6F3D54E8-82CC-4EE8-9B45-AC2002A67DEB}.Release|x64.Build.0 = Release|Any CPU
		{6F3D54E8-82CC-4EE8-9B45-AC2002A67DEB}.Release|x86.ActiveCfg = Release|Any CPU
		{6F3D54E8-82CC-4EE8-9B45-AC2002A67DEB}.Release|x86.Build.0 = Release|Any CPU
	EndGlobalSection
	GlobalSection(SolutionProperties) = preSolution
		HideSolutionNode = FALSE
	EndGlobalSection
	GlobalSection(NestedProjects) = preSolution
		{9B4382EC-50E4-487B-820A-98F70B10DDE5} = {827E0CD3-B72D-47B6-A68D-7590B98EB39B}
		{0593264E-293E-460F-B92A-FD41911B4682} = {827E0CD3-B72D-47B6-A68D-7590B98EB39B}
		{A223ECD3-4F84-4E45-B2A0-80D43F242581} = {827E0CD3-B72D-47B6-A68D-7590B98EB39B}
		{6F3D54E8-82CC-4EE8-9B45-AC2002A67DEB} = {0AB3BF05-4346-4AA6-1389-037BE0695223}
	EndGlobalSection
EndGlobal
